
Microsoft Visual Studio Solution File, Format Version 12.00
# Visual Studio 2013
VisualStudioVersion = 12.0.21005.1
MinimumVisualStudioVersion = 10.0.40219.1
Project("{FAE04EC0-301F-11D3-BF4B-00C04F79EFBC}") = "Secret.UI", "Secret.UI\Secret.UI.csproj", "{B44EABD1-2DCA-481A-9CD5-5862B4573449}"
EndProject
Project("{2150E333-8FDC-42A3-9474-1A3956D46DE8}") = "Cnljli.Framework", "Cnljli.Framework", "{B8CDACA2-330A-4FAE-9F14-C077BC631BCA}"
EndProject
Project("{FAE04EC0-301F-11D3-BF4B-00C04F79EFBC}") = "Secret.Domain", "Secret.Domain\Secret.Domain.csproj", "{B9B51C30-CC07-42E2-A3F5-BBC4210218FE}"
EndProject
Project("{FAE04EC0-301F-11D3-BF4B-00C04F79EFBC}") = "Cnljli.Utility", "..\Cnljli.FrameWork\Cnljli.Utility\Cnljli.Utility.csproj", "{1ECCEF43-214A-4DE2-AA60-657F0E78F0AF}"
EndProject
Project("{FAE04EC0-301F-11D3-BF4B-00C04F79EFBC}") = "Cnljli.ViewModel", "..\Cnljli.FrameWork\Cnljli.ViewModel\Cnljli.ViewModel.csproj", "{308F38ED-0A39-49A1-B27B-C7D4784A9C35}"
EndProject
Project("{FAE04EC0-301F-11D3-BF4B-00C04F79EFBC}") = "Cnljli.WPViewModel", "..\Cnljli.FrameWork\Cnljli.WPViewModel\Cnljli.WPViewModel.csproj", "{8F21660A-7D2A-470C-A8CA-277C08D2BD83}"
EndProject
Global
	GlobalSection(SolutionConfigurationPlatforms) = preSolution
		Debug|Any CPU = Debug|Any CPU
		Debug|ARM = Debug|ARM
		Debug|x86 = Debug|x86
		Release|Any CPU = Release|Any CPU
		Release|ARM = Release|ARM
		Release|x86 = Release|x86
	EndGlobalSection
	GlobalSection(ProjectConfigurationPlatforms) = postSolution
		{B44EABD1-2DCA-481A-9CD5-5862B4573449}.Debug|Any CPU.ActiveCfg = Debug|Any CPU
		{B44EABD1-2DCA-481A-9CD5-5862B4573449}.Debug|Any CPU.Build.0 = Debug|Any CPU
		{B44EABD1-2DCA-481A-9CD5-5862B4573449}.Debug|Any CPU.Deploy.0 = Debug|Any CPU
		{B44EABD1-2DCA-481A-9CD5-5862B4573449}.Debug|ARM.ActiveCfg = Debug|ARM
		{B44EABD1-2DCA-481A-9CD5-5862B4573449}.Debug|ARM.Build.0 = Debug|ARM
		{B44EABD1-2DCA-481A-9CD5-5862B4573449}.Debug|ARM.Deploy.0 = Debug|ARM
		{B44EABD1-2DCA-481A-9CD5-5862B4573449}.Debug|x86.ActiveCfg = Debug|x86
		{B44EABD1-2DCA-481A-9CD5-5862B4573449}.Debug|x86.Build.0 = Debug|x86
		{B44EABD1-2DCA-481A-9CD5-5862B4573449}.Debug|x86.Deploy.0 = Debug|x86
		{B44EABD1-2DCA-481A-9CD5-5862B4573449}.Release|Any CPU.ActiveCfg = Release|Any CPU
		{B44EABD1-2DCA-481A-9CD5-5862B4573449}.Release|Any CPU.Build.0 = Release|Any CPU
		{B44EABD1-2DCA-481A-9CD5-5862B4573449}.Release|Any CPU.Deploy.0 = Release|Any CPU
		{B44EABD1-2DCA-481A-9CD5-5862B4573449}.Release|ARM.ActiveCfg = Release|ARM
		{B44EABD1-2DCA-481A-9CD5-5862B4573449}.Release|ARM.Build.0 = Release|ARM
		{B44EABD1-2DCA-481A-9CD5-5862B4573449}.Release|ARM.Deploy.0 = Release|ARM
		{B44EABD1-2DCA-481A-9CD5-5862B4573449}.Release|x86.ActiveCfg = Release|x86
		{B44EABD1-2DCA-481A-9CD5-5862B4573449}.Release|x86.Build.0 = Release|x86
		{B44EABD1-2DCA-481A-9CD5-5862B4573449}.Release|x86.Deploy.0 = Release|x86
		{B9B51C30-CC07-42E2-A3F5-BBC4210218FE}.Debug|Any CPU.ActiveCfg = Debug|Any CPU
		{B9B51C30-CC07-42E2-A3F5-BBC4210218FE}.Debug|Any CPU.Build.0 = Debug|Any CPU
		{B9B51C30-CC07-42E2-A3F5-BBC4210218FE}.Debug|ARM.ActiveCfg = Debug|ARM
		{B9B51C30-CC07-42E2-A3F5-BBC4210218FE}.Debug|ARM.Build.0 = Debug|ARM
		{B9B51C30-CC07-42E2-A3F5-BBC4210218FE}.Debug|x86.ActiveCfg = Debug|x86
		{B9B51C30-CC07-42E2-A3F5-BBC4210218FE}.Debug|x86.Build.0 = Debug|x86
		{B9B51C30-CC07-42E2-A3F5-BBC4210218FE}.Release|Any CPU.ActiveCfg = Release|Any CPU
		{B9B51C30-CC07-42E2-A3F5-BBC4210218FE}.Release|Any CPU.Build.0 = Release|Any CPU
		{B9B51C30-CC07-42E2-A3F5-BBC4210218FE}.Release|ARM.ActiveCfg = Release|ARM
		{B9B51C30-CC07-42E2-A3F5-BBC4210218FE}.Release|ARM.Build.0 = Release|ARM
		{B9B51C30-CC07-42E2-A3F5-BBC4210218FE}.Release|x86.ActiveCfg = Release|x86
		{B9B51C30-CC07-42E2-A3F5-BBC4210218FE}.Release|x86.Build.0 = Release|x86
		{1ECCEF43-214A-4DE2-AA60-657F0E78F0AF}.Debug|Any CPU.ActiveCfg = Debug|Any CPU
		{1ECCEF43-214A-4DE2-AA60-657F0E78F0AF}.Debug|Any CPU.Build.0 = Debug|Any CPU
		{1ECCEF43-214A-4DE2-AA60-657F0E78F0AF}.Debug|ARM.ActiveCfg = Debug|Any CPU
		{1ECCEF43-214A-4DE2-AA60-657F0E78F0AF}.Debug|x86.ActiveCfg = Debug|Any CPU
		{1ECCEF43-214A-4DE2-AA60-657F0E78F0AF}.Release|Any CPU.ActiveCfg = Release|Any CPU
		{1ECCEF43-214A-4DE2-AA60-657F0E78F0AF}.Release|Any CPU.Build.0 = Release|Any CPU
		{1ECCEF43-214A-4DE2-AA60-657F0E78F0AF}.Release|ARM.ActiveCfg = Release|Any CPU
		{1ECCEF43-214A-4DE2-AA60-657F0E78F0AF}.Release|x86.ActiveCfg = Release|Any CPU
		{308F38ED-0A39-49A1-B27B-C7D4784A9C35}.Debug|Any CPU.ActiveCfg = Debug|Any CPU
		{308F38ED-0A39-49A1-B27B-C7D4784A9C35}.Debug|Any CPU.Build.0 = Debug|Any CPU
		{308F38ED-0A39-49A1-B27B-C7D4784A9C35}.Debug|ARM.ActiveCfg = Debug|Any CPU
		{308F38ED-0A39-49A1-B27B-C7D4784A9C35}.Debug|x86.ActiveCfg = Debug|Any CPU
		{308F38ED-0A39-49A1-B27B-C7D4784A9C35}.Release|Any CPU.ActiveCfg = Release|Any CPU
		{308F38ED-0A39-49A1-B27B-C7D4784A9C35}.Release|Any CPU.Build.0 = Release|Any CPU
		{308F38ED-0A39-49A1-B27B-C7D4784A9C35}.Release|ARM.ActiveCfg = Release|Any CPU
		{308F38ED-0A39-49A1-B27B-C7D4784A9C35}.Release|x86.ActiveCfg = Release|Any CPU
		{8F21660A-7D2A-470C-A8CA-277C08D2BD83}.Debug|Any CPU.ActiveCfg = Debug|Any CPU
		{8F21660A-7D2A-470C-A8CA-277C08D2BD83}.Debug|Any CPU.Build.0 = Debug|Any CPU
		{8F21660A-7D2A-470C-A8CA-277C08D2BD83}.Debug|ARM.ActiveCfg = Debug|ARM
		{8F21660A-7D2A-470C-A8CA-277C08D2BD83}.Debug|ARM.Build.0 = Debug|ARM
		{8F21660A-7D2A-470C-A8CA-277C08D2BD83}.Debug|x86.ActiveCfg = Debug|x86
		{8F21660A-7D2A-470C-A8CA-277C08D2BD83}.Debug|x86.Build.0 = Debug|x86
		{8F21660A-7D2A-470C-A8CA-277C08D2BD83}.Release|Any CPU.ActiveCfg = Release|Any CPU
		{8F21660A-7D2A-470C-A8CA-277C08D2BD83}.Release|Any CPU.Build.0 = Release|Any CPU
		{8F21660A-7D2A-470C-A8CA-277C08D2BD83}.Release|ARM.ActiveCfg = Release|ARM
		{8F21660A-7D2A-470C-A8CA-277C08D2BD83}.Release|ARM.Build.0 = Release|ARM
		{8F21660A-7D2A-470C-A8CA-277C08D2BD83}.Release|x86.ActiveCfg = Release|x86
		{8F21660A-7D2A-470C-A8CA-277C08D2BD83}.Release|x86.Build.0 = Release|x86
	EndGlobalSection
	GlobalSection(SolutionProperties) = preSolution
		HideSolutionNode = FALSE
	EndGlobalSection
	GlobalSection(NestedProjects) = preSolution
		{1ECCEF43-214A-4DE2-AA60-657F0E78F0AF} = {B8CDACA2-330A-4FAE-9F14-C077BC631BCA}
		{308F38ED-0A39-49A1-B27B-C7D4784A9C35} = {B8CDACA2-330A-4FAE-9F14-C077BC631BCA}
		{8F21660A-7D2A-470C-A8CA-277C08D2BD83} = {B8CDACA2-330A-4FAE-9F14-C077BC631BCA}
	EndGlobalSection
EndGlobal
